{
  "nodes": {
    "dailies-nvim": {
      "flake": false,
      "locked": {
        "lastModified": 1744725760,
        "narHash": "sha256-px5a98vhWuw7qiwcsZxUBzEO5TinXe0BMgaKZmBNYtY=",
        "owner": "JachymPutta",
        "repo": "dailies.nvim",
        "rev": "4507da852e8166f35598409656166629141e1d8c",
        "type": "github"
      },
      "original": {
        "owner": "JachymPutta",
        "repo": "dailies.nvim",
        "type": "github"
      }
    },
    "darwin": {
      "inputs": {
        "nixpkgs": [
          "nixpkgs"
        ]
      },
      "locked": {
        "lastModified": 1744478979,
        "narHash": "sha256-dyN+teG9G82G+m+PX/aSAagkC+vUv0SgUw3XkPhQodQ=",
        "owner": "nix-darwin",
        "repo": "nix-darwin",
        "rev": "43975d782b418ebf4969e9ccba82466728c2851b",
        "type": "github"
      },
      "original": {
        "owner": "nix-darwin",
        "repo": "nix-darwin",
        "type": "github"
      }
    },
    "home-manager": {
      "inputs": {
        "nixpkgs": [
          "nixpkgs"
        ]
      },
      "locked": {
        "lastModified": 1745033012,
        "narHash": "sha256-KjBMsjCzIOWgDqTZMYIriPFmHiQcCb2RhuDh5JF0VVc=",
        "owner": "nix-community",
        "repo": "home-manager",
        "rev": "ae84885d9b6b62dc58ccd300e9ab321a3fd9f9c7",
        "type": "github"
      },
      "original": {
        "owner": "nix-community",
        "repo": "home-manager",
        "type": "github"
      }
    },
    "nixpkgs": {
      "locked": {
        "lastModified": 1745059406,
        "narHash": "sha256-H7j0saoCo9SY669hRVhHboie3xMqg3pJfxZxMl01Js0=",
        "owner": "NixOS",
        "repo": "nixpkgs",
        "rev": "1f84e10240dece7769a6abb14115b471c15d622b",
        "type": "github"
      },
      "original": {
        "owner": "NixOS",
        "repo": "nixpkgs",
        "type": "github"
      }
    },
    "root": {
      "inputs": {
        "dailies-nvim": "dailies-nvim",
        "darwin": "darwin",
        "home-manager": "home-manager",
        "nixpkgs": "nixpkgs"
      }
    }
  },
  "root": "root",
  "version": 7
}
